<?xml version="1.0" encoding="utf-8"?>
<Project ToolsVersion="4.0" xmlns="http://schemas.microsoft.com/developer/msbuild/2003">
  <ItemGroup>
    <Filter Include="Source Files">
      <UniqueIdentifier>{4FC737F1-C7A5-4376-A066-2A32D752A2FF}</UniqueIdentifier>
      <Extensions>cpp;c;cc;cxx;def;odl;idl;hpj;bat;asm;asmx</Extensions>
    </Filter>
    <Filter Include="Header Files">
      <UniqueIdentifier>{93995380-89BD-4b04-88EB-625FBE52EBFB}</UniqueIdentifier>
      <Extensions>h;hpp;hxx;hm;inl;inc;xsd</Extensions>
    </Filter>
    <Filter Include="Resource Files">
      <UniqueIdentifier>{67DA6AB6-F800-4c08-8B7A-83BB121AAD01}</UniqueIdentifier>
      <Extensions>rc;ico;cur;bmp;dlg;rc2;rct;bin;rgs;gif;jpg;jpeg;jpe;resx;tiff;tif;png;wav;mfcribbon-ms</Extensions>
    </Filter>
  </ItemGroup>
  <ItemGroup>
    <Text Include="ReadMe.txt" />
  </ItemGroup>
  <ItemGroup>
    <ClInclude Include="stdafx.h">
      <Filter>Header Files</Filter>
    </ClInclude>
    <ClInclude Include="targetver.h">
      <Filter>Header Files</Filter>
    </ClInclude>
    <ClInclude Include="IntroScene.h">
      <Filter>Header Files</Filter>
    </ClInclude>
    <ClInclude Include="Janela.h">
      <Filter>Header Files</Filter>
    </ClInclude>
    <ClInclude Include="Exibivel.h">
      <Filter>Header Files</Filter>
    </ClInclude>
    <ClInclude Include="JanelaPrincipal.h">
      <Filter>Header Files</Filter>
    </ClInclude>
    <ClInclude Include="tipos.h">
      <Filter>Header Files</Filter>
    </ClInclude>
    <ClInclude Include="Componente.h">
      <Filter>Header Files</Filter>
    </ClInclude>
    <ClInclude Include="Botao.h">
      <Filter>Header Files</Filter>
    </ClInclude>
    <ClInclude Include="Imagem.h">
      <Filter>Header Files</Filter>
    </ClInclude>
    <ClInclude Include="SensorListener.h">
      <Filter>Header Files</Filter>
    </ClInclude>
    <ClInclude Include="sensores.h">
      <Filter>Header Files</Filter>
    </ClInclude>
    <ClInclude Include="Sensor.h">
      <Filter>Header Files</Filter>
    </ClInclude>
    <ClInclude Include="KinectSensor.h">
      <Filter>Header Files</Filter>
    </ClInclude>
    <ClInclude Include="Cursor.h">
      <Filter>Header Files</Filter>
    </ClInclude>
    <ClInclude Include="CliqueListener.h">
      <Filter>Header Files</Filter>
    </ClInclude>
    <ClInclude Include="KinectCursor.h">
      <Filter>Header Files</Filter>
    </ClInclude>
    <ClInclude Include="Cronometro.h">
      <Filter>Header Files</Filter>
    </ClInclude>
    <ClInclude Include="Conversor.h">
      <Filter>Header Files</Filter>
    </ClInclude>
    <ClInclude Include="MouseCursor.h">
      <Filter>Header Files</Filter>
    </ClInclude>
    <ClInclude Include="MouseSensor.h">
      <Filter>Header Files</Filter>
    </ClInclude>
    <ClInclude Include="GerenciadorDeExibicao.h">
      <Filter>Header Files</Filter>
    </ClInclude>
    <ClInclude Include="JanelaNovoJogo.h">
      <Filter>Header Files</Filter>
    </ClInclude>
    <ClInclude Include="Label.h">
      <Filter>Header Files</Filter>
    </ClInclude>
    <ClInclude Include="Editavel.h">
      <Filter>Header Files</Filter>
    </ClInclude>
    <ClInclude Include="CaixaTexto.h">
      <Filter>Header Files</Filter>
    </ClInclude>
    <ClInclude Include="TecladoVirtual.h">
      <Filter>Header Files</Filter>
    </ClInclude>
    <ClInclude Include="Tecla.h">
      <Filter>Header Files</Filter>
    </ClInclude>
    <ClInclude Include="TecladoAlfaNumerico.h">
      <Filter>Header Files</Filter>
    </ClInclude>
    <ClInclude Include="JanelaTesteKinect.h">
      <Filter>Header Files</Filter>
    </ClInclude>
    <ClInclude Include="Boneco.h">
      <Filter>Header Files</Filter>
    </ClInclude>
    <ClInclude Include="Movimento.h">
      <Filter>Header Files</Filter>
    </ClInclude>
    <ClInclude Include="Pose.h">
      <Filter>Header Files</Filter>
    </ClInclude>
    <ClInclude Include="Gesto.h">
      <Filter>Header Files</Filter>
    </ClInclude>
    <ClInclude Include="PosePause.h">
      <Filter>Header Files</Filter>
    </ClInclude>
    <ClInclude Include="CalculosUteis.h">
      <Filter>Header Files</Filter>
    </ClInclude>
    <ClInclude Include="IdentificadorMovimento.h">
      <Filter>Header Files</Filter>
    </ClInclude>
    <ClInclude Include="MovimentoSprayDireito.h">
      <Filter>Header Files</Filter>
    </ClInclude>
    <ClInclude Include="MovimentoSprayEsquerdo.h">
      <Filter>Header Files</Filter>
    </ClInclude>
    <ClInclude Include="PoseEscaparPedra.h">
      <Filter>Header Files</Filter>
    </ClInclude>
    <ClInclude Include="JanelaConfiguracao.h">
      <Filter>Header Files</Filter>
    </ClInclude>
    <ClInclude Include="Janelas.h">
      <Filter>Header Files</Filter>
    </ClInclude>
    <ClInclude Include="interface.h">
      <Filter>Header Files</Filter>
    </ClInclude>
    <ClInclude Include="ComboBox.h">
      <Filter>Header Files</Filter>
    </ClInclude>
    <ClInclude Include="movimentos.h">
      <Filter>Header Files</Filter>
    </ClInclude>
    <ClInclude Include="TecladoNumerico.h">
      <Filter>Header Files</Filter>
    </ClInclude>
    <ClInclude Include="JanelaEscolhaPersonagem.h">
      <Filter>Header Files</Filter>
    </ClInclude>
    <ClInclude Include="Globais.h">
      <Filter>Header Files</Filter>
    </ClInclude>
    <ClInclude Include="OperacoesComArquivos.h">
      <Filter>Header Files</Filter>
    </ClInclude>
    <ClInclude Include="JanelaEscolhaPerfil.h">
      <Filter>Header Files</Filter>
    </ClInclude>
    <ClInclude Include="Configuracoes.h">
      <Filter>Header Files</Filter>
    </ClInclude>
    <ClInclude Include="Conversoes.h">
      <Filter>Header Files</Filter>
    </ClInclude>
    <ClInclude Include="TecladoGenero.h">
      <Filter>Header Files</Filter>
    </ClInclude>
    <ClInclude Include="CheckBox.h">
      <Filter>Header Files</Filter>
    </ClInclude>
    <ClInclude Include="GerenciadorExibicao2.h">
      <Filter>Header Files</Filter>
    </ClInclude>
    <ClInclude Include="PerfilDao.h">
      <Filter>Header Files</Filter>
    </ClInclude>
    <ClInclude Include="PersonagemDAO.h">
      <Filter>Header Files</Filter>
    </ClInclude>
    <ClInclude Include="JanelaEscolhaFase.h">
      <Filter>Header Files</Filter>
    </ClInclude>
    <ClInclude Include="Marcador.h">
      <Filter>Header Files</Filter>
    </ClInclude>
    <ClInclude Include="JanelaLoja.h">
      <Filter>Header Files</Filter>
    </ClInclude>
    <ClInclude Include="NumberSpinner.h">
      <Filter>Header Files</Filter>
    </ClInclude>
    <ClInclude Include="ItemLoja.h">
      <Filter>Header Files</Filter>
    </ClInclude>
    <ClInclude Include="ItemDAO.h">
      <Filter>Header Files</Filter>
    </ClInclude>
    <ClInclude Include="JanelaJogo.h">
      <Filter>Header Files</Filter>
    </ClInclude>
    <ClInclude Include="Avatar.h">
      <Filter>Header Files</Filter>
    </ClInclude>
    <ClInclude Include="FaseDAO.h">
      <Filter>Header Files</Filter>
    </ClInclude>
    <ClInclude Include="XMLDAO.h">
      <Filter>Header Files</Filter>
    </ClInclude>
    <ClInclude Include="JanelaLoja2.h">
      <Filter>Header Files</Filter>
    </ClInclude>
    <ClInclude Include="Inventario.h">
      <Filter>Header Files</Filter>
    </ClInclude>
    <ClInclude Include="Jogador.h">
      <Filter>Header Files</Filter>
    </ClInclude>
    <ClInclude Include="dao.h">
      <Filter>Header Files</Filter>
    </ClInclude>
    <ClInclude Include="Focavel.h">
      <Filter>Header Files</Filter>
    </ClInclude>
    <ClInclude Include="MarcadorPedra.h">
      <Filter>Header Files</Filter>
    </ClInclude>
    <ClInclude Include="ComponenteItemLojaIcone.h">
      <Filter>Header Files</Filter>
    </ClInclude>
    <ClInclude Include="ComponenteItemLojaIconeVazio.h">
      <Filter>Header Files</Filter>
    </ClInclude>
    <ClInclude Include="ComponenteItemLojaSelecionado.h">
      <Filter>Header Files</Filter>
    </ClInclude>
    <ClInclude Include="ComponenteInformacoesJogador.h">
      <Filter>Header Files</Filter>
    </ClInclude>
    <ClInclude Include="CaixaMensagemSimple.h">
      <Filter>Header Files</Filter>
    </ClInclude>
    <ClInclude Include="CaixaMensagem.h">
      <Filter>Header Files</Filter>
    </ClInclude>
    <ClInclude Include="CaixaMensagemSimNao.h">
      <Filter>Header Files</Filter>
    </ClInclude>
    <ClInclude Include="CaixaVendaItem.h">
      <Filter>Header Files</Filter>
    </ClInclude>
    <ClInclude Include="Transformador.h">
      <Filter>Header Files</Filter>
    </ClInclude>
    <ClInclude Include="TransformadorKinect.h">
      <Filter>Header Files</Filter>
    </ClInclude>
    <ClInclude Include="TransformadorAtualizacaoPosicao.h">
      <Filter>Header Files</Filter>
    </ClInclude>
    <ClInclude Include="TransformadorAtualizarPosicaoBracoEsquerdo.h">
      <Filter>Header Files</Filter>
    </ClInclude>
    <ClInclude Include="TransformadorAtualizarPosicaoBracoDireito.h">
      <Filter>Header Files</Filter>
    </ClInclude>
    <ClInclude Include="PosePernaEmPe.h">
      <Filter>Header Files</Filter>
    </ClInclude>
    <ClInclude Include="TransformadorAtualizarPosicaoPernaDireita.h">
      <Filter>Header Files</Filter>
    </ClInclude>
    <ClInclude Include="TransformadorAtualizarPosicaoPernaEsquerda.h">
      <Filter>Header Files</Filter>
    </ClInclude>
    <ClInclude Include="MovimentadorMembro.h">
      <Filter>Header Files</Filter>
    </ClInclude>
    <ClInclude Include="MovimentadorBracoDireito.h">
      <Filter>Header Files</Filter>
    </ClInclude>
    <ClInclude Include="MovimentadorBracoEsquerdo.h">
      <Filter>Header Files</Filter>
    </ClInclude>
    <ClInclude Include="MovimentadorPernaEsquerda.h">
      <Filter>Header Files</Filter>
    </ClInclude>
    <ClInclude Include="MovimentadorPernaDireita.h">
      <Filter>Header Files</Filter>
    </ClInclude>
    <ClInclude Include="MovimentadorSubirPersonagem.h">
      <Filter>Header Files</Filter>
    </ClInclude>
  </ItemGroup>
  <ItemGroup>
    <ClCompile Include="stdafx.cpp">
      <Filter>Source Files</Filter>
    </ClCompile>
    <ClCompile Include="turma da escalada.cpp">
      <Filter>Source Files</Filter>
    </ClCompile>
    <ClCompile Include="IntroScene.cpp">
      <Filter>Source Files</Filter>
    </ClCompile>
    <ClCompile Include="Janela.cpp">
      <Filter>Source Files</Filter>
    </ClCompile>
    <ClCompile Include="Exibivel.cpp">
      <Filter>Source Files</Filter>
    </ClCompile>
    <ClCompile Include="JanelaPrincipal.cpp">
      <Filter>Source Files</Filter>
    </ClCompile>
    <ClCompile Include="Componente.cpp">
      <Filter>Source Files</Filter>
    </ClCompile>
    <ClCompile Include="Botao.cpp">
      <Filter>Source Files</Filter>
    </ClCompile>
    <ClCompile Include="Imagem.cpp">
      <Filter>Source Files</Filter>
    </ClCompile>
    <ClCompile Include="SensorListener.cpp">
      <Filter>Source Files</Filter>
    </ClCompile>
    <ClCompile Include="Sensor.cpp">
      <Filter>Source Files</Filter>
    </ClCompile>
    <ClCompile Include="KinectSensor.cpp">
      <Filter>Source Files</Filter>
    </ClCompile>
    <ClCompile Include="Cursor.cpp">
      <Filter>Source Files</Filter>
    </ClCompile>
    <ClCompile Include="CliqueListener.cpp">
      <Filter>Source Files</Filter>
    </ClCompile>
    <ClCompile Include="KinectCursor.cpp">
      <Filter>Source Files</Filter>
    </ClCompile>
    <ClCompile Include="Cronometro.cpp">
      <Filter>Source Files</Filter>
    </ClCompile>
    <ClCompile Include="Conversor.cpp">
      <Filter>Source Files</Filter>
    </ClCompile>
    <ClCompile Include="MouseCursor.cpp">
      <Filter>Source Files</Filter>
    </ClCompile>
    <ClCompile Include="MouseSensor.cpp">
      <Filter>Source Files</Filter>
    </ClCompile>
    <ClCompile Include="GerenciadorDeExibicao.cpp">
      <Filter>Source Files</Filter>
    </ClCompile>
    <ClCompile Include="JanelaNovoJogo.cpp">
      <Filter>Source Files</Filter>
    </ClCompile>
    <ClCompile Include="Label.cpp">
      <Filter>Source Files</Filter>
    </ClCompile>
    <ClCompile Include="Editavel.cpp">
      <Filter>Source Files</Filter>
    </ClCompile>
    <ClCompile Include="CaixaTexto.cpp">
      <Filter>Source Files</Filter>
    </ClCompile>
    <ClCompile Include="TecladoVirtual.cpp">
      <Filter>Source Files</Filter>
    </ClCompile>
    <ClCompile Include="Tecla.cpp">
      <Filter>Source Files</Filter>
    </ClCompile>
    <ClCompile Include="TecladoAlfaNumerico.cpp">
      <Filter>Source Files</Filter>
    </ClCompile>
    <ClCompile Include="JanelaTesteKinect.cpp">
      <Filter>Source Files</Filter>
    </ClCompile>
    <ClCompile Include="Boneco.cpp">
      <Filter>Source Files</Filter>
    </ClCompile>
    <ClCompile Include="Movimento.cpp">
      <Filter>Source Files</Filter>
    </ClCompile>
    <ClCompile Include="Pose.cpp">
      <Filter>Source Files</Filter>
    </ClCompile>
    <ClCompile Include="Gesto.cpp">
      <Filter>Source Files</Filter>
    </ClCompile>
    <ClCompile Include="PosePause.cpp">
      <Filter>Source Files</Filter>
    </ClCompile>
    <ClCompile Include="CalculosUteis.cpp">
      <Filter>Source Files</Filter>
    </ClCompile>
    <ClCompile Include="IdentificadorMovimento.cpp">
      <Filter>Source Files</Filter>
    </ClCompile>
    <ClCompile Include="MovimentoSprayDireito.cpp">
      <Filter>Source Files</Filter>
    </ClCompile>
    <ClCompile Include="MovimentoSprayEsquerdo.cpp">
      <Filter>Source Files</Filter>
    </ClCompile>
    <ClCompile Include="PoseEscaparPedra.cpp">
      <Filter>Source Files</Filter>
    </ClCompile>
    <ClCompile Include="JanelaConfiguracao.cpp">
      <Filter>Source Files</Filter>
    </ClCompile>
    <ClCompile Include="ComboBox.cpp">
      <Filter>Source Files</Filter>
    </ClCompile>
    <ClCompile Include="TecladoNumerico.cpp">
      <Filter>Source Files</Filter>
    </ClCompile>
    <ClCompile Include="JanelaEscolhaPersonagem.cpp">
      <Filter>Source Files</Filter>
    </ClCompile>
    <ClCompile Include="Globais.cpp">
      <Filter>Source Files</Filter>
    </ClCompile>
    <ClCompile Include="OperacoesComArquivos.cpp">
      <Filter>Source Files</Filter>
    </ClCompile>
    <ClCompile Include="JanelaEscolhaPerfil.cpp">
      <Filter>Source Files</Filter>
    </ClCompile>
    <ClCompile Include="Configuracoes.cpp">
      <Filter>Source Files</Filter>
    </ClCompile>
    <ClCompile Include="Conversoes.cpp">
      <Filter>Source Files</Filter>
    </ClCompile>
    <ClCompile Include="TecladoGenero.cpp">
      <Filter>Source Files</Filter>
    </ClCompile>
    <ClCompile Include="CheckBox.cpp">
      <Filter>Source Files</Filter>
    </ClCompile>
    <ClCompile Include="GerenciadorExibicao2.cpp">
      <Filter>Source Files</Filter>
    </ClCompile>
    <ClCompile Include="PerfilDao.cpp">
      <Filter>Source Files</Filter>
    </ClCompile>
    <ClCompile Include="PersonagemDAO.cpp">
      <Filter>Source Files</Filter>
    </ClCompile>
    <ClCompile Include="JanelaEscolhaFase.cpp">
      <Filter>Source Files</Filter>
    </ClCompile>
    <ClCompile Include="Marcador.cpp">
      <Filter>Source Files</Filter>
    </ClCompile>
    <ClCompile Include="JanelaLoja.cpp">
      <Filter>Source Files</Filter>
    </ClCompile>
    <ClCompile Include="NumberSpinner.cpp">
      <Filter>Source Files</Filter>
    </ClCompile>
    <ClCompile Include="ItemLoja.cpp">
      <Filter>Source Files</Filter>
    </ClCompile>
    <ClCompile Include="ItemDAO.cpp">
      <Filter>Source Files</Filter>
    </ClCompile>
    <ClCompile Include="JanelaJogo.cpp">
      <Filter>Source Files</Filter>
    </ClCompile>
    <ClCompile Include="Avatar.cpp">
      <Filter>Source Files</Filter>
    </ClCompile>
    <ClCompile Include="FaseDAO.cpp">
      <Filter>Source Files</Filter>
    </ClCompile>
    <ClCompile Include="XMLDAO.cpp">
      <Filter>Source Files</Filter>
    </ClCompile>
    <ClCompile Include="JanelaLoja2.cpp">
      <Filter>Source Files</Filter>
    </ClCompile>
    <ClCompile Include="Inventario.cpp">
      <Filter>Source Files</Filter>
    </ClCompile>
    <ClCompile Include="Jogador.cpp">
      <Filter>Source Files</Filter>
    </ClCompile>
    <ClCompile Include="Focavel.cpp">
      <Filter>Source Files</Filter>
    </ClCompile>
    <ClCompile Include="MarcadorPedra.cpp">
      <Filter>Source Files</Filter>
    </ClCompile>
    <ClCompile Include="ComponenteItemLojaIcone.cpp">
      <Filter>Source Files</Filter>
    </ClCompile>
    <ClCompile Include="ComponenteItemLojaIconeVazio.cpp">
      <Filter>Source Files</Filter>
    </ClCompile>
    <ClCompile Include="ComponenteItemLojaSelecionado.cpp">
      <Filter>Source Files</Filter>
    </ClCompile>
    <ClCompile Include="ComponenteInformacoesJogador.cpp">
      <Filter>Source Files</Filter>
    </ClCompile>
    <ClCompile Include="CaixaMensagemSimple.cpp">
      <Filter>Source Files</Filter>
    </ClCompile>
    <ClCompile Include="CaixaMensagem.cpp">
      <Filter>Source Files</Filter>
    </ClCompile>
    <ClCompile Include="CaixaMensagemSimNao.cpp">
      <Filter>Source Files</Filter>
    </ClCompile>
    <ClCompile Include="CaixaVendaItem.cpp">
      <Filter>Source Files</Filter>
    </ClCompile>
    <ClCompile Include="Transformador.cpp">
      <Filter>Source Files</Filter>
    </ClCompile>
    <ClCompile Include="TransformadorKinect.cpp">
      <Filter>Source Files</Filter>
    </ClCompile>
    <ClCompile Include="TransformadorAtualizacaoPosicao.cpp">
      <Filter>Source Files</Filter>
    </ClCompile>
    <ClCompile Include="TransformadorAtualizarPosicaoBracoEsquerdo.cpp">
      <Filter>Source Files</Filter>
    </ClCompile>
    <ClCompile Include="TransformadorAtualizarPosicaoBracoDireito.cpp">
      <Filter>Source Files</Filter>
    </ClCompile>
    <ClCompile Include="PosePernaEmPe.cpp">
      <Filter>Source Files</Filter>
    </ClCompile>
    <ClCompile Include="TransformadorAtualizarPosicaoPernaDireita.cpp">
      <Filter>Source Files</Filter>
    </ClCompile>
    <ClCompile Include="TransformadorAtualizarPosicaoPernaEsquerda.cpp">
      <Filter>Source Files</Filter>
    </ClCompile>
    <ClCompile Include="MovimentadorMembro.cpp">
      <Filter>Source Files</Filter>
    </ClCompile>
    <ClCompile Include="MovimentadorBracoDireito.cpp">
      <Filter>Source Files</Filter>
    </ClCompile>
    <ClCompile Include="MovimentadorBracoEsquerdo.cpp">
      <Filter>Source Files</Filter>
    </ClCompile>
    <ClCompile Include="MovimentadorPernaEsquerda.cpp">
      <Filter>Source Files</Filter>
    </ClCompile>
    <ClCompile Include="MovimentadorPernaDireita.cpp">
      <Filter>Source Files</Filter>
    </ClCompile>
    <ClCompile Include="MovimentadorSubirPersonagem.cpp">
      <Filter>Source Files</Filter>
    </ClCompile>
  </ItemGroup>
</Project>